// !$*UTF8*$!
{
	archiveVersion = 1;
	classes = {
	};
	objectVersion = 55;
	objects = {

/* Begin PBXBuildFile section */
		631FF1042984416600C4CC8C /* TruthOrDareGameModel.swift in Sources */ = {isa = PBXBuildFile; fileRef = 631FF1032984416600C4CC8C /* TruthOrDareGameModel.swift */; };
		631FF1072984463000C4CC8C /* TruthOrDare.json in Resources */ = {isa = PBXBuildFile; fileRef = 630178382984109E002308E1 /* TruthOrDare.json */; };
		631FF10C2988062A00C4CC8C /* Assets.xcassets in Resources */ = {isa = PBXBuildFile; fileRef = 631FF10B2988062A00C4CC8C /* Assets.xcassets */; };
		631FF10D2988078400C4CC8C /* NeverHaveIEver.json in Resources */ = {isa = PBXBuildFile; fileRef = 631FF1082987F3CE00C4CC8C /* NeverHaveIEver.json */; };
		631FF10F298807D400C4CC8C /* NeverHaveIEverGameModel.swift in Sources */ = {isa = PBXBuildFile; fileRef = 631FF10E298807D400C4CC8C /* NeverHaveIEverGameModel.swift */; };
		631FF1122988162500C4CC8C /* SevenSecondsGameModel.swift in Sources */ = {isa = PBXBuildFile; fileRef = 631FF1112988162500C4CC8C /* SevenSecondsGameModel.swift */; };
		631FF1132988176100C4CC8C /* SevenSeconds.json in Resources */ = {isa = PBXBuildFile; fileRef = 631FF1102988111500C4CC8C /* SevenSeconds.json */; };
		631FF11529881F2A00C4CC8C /* ThisOrThat.json in Resources */ = {isa = PBXBuildFile; fileRef = 631FF11429881CC000C4CC8C /* ThisOrThat.json */; };
		631FF11729881F4000C4CC8C /* ThisOrThatGameModel.swift in Sources */ = {isa = PBXBuildFile; fileRef = 631FF11629881F4000C4CC8C /* ThisOrThatGameModel.swift */; };
		632FA17729A4F4A200B72892 /* DetailDrinksViewController.swift in Sources */ = {isa = PBXBuildFile; fileRef = 632FA17629A4F4A200B72892 /* DetailDrinksViewController.swift */; };
		633ADE0C299C013800248AA6 /* DrinksData.swift in Sources */ = {isa = PBXBuildFile; fileRef = 633ADE0B299C013800248AA6 /* DrinksData.swift */; };
		633ADE10299D03A400248AA6 /* DrinksModel.swift in Sources */ = {isa = PBXBuildFile; fileRef = 633ADE0F299D03A400248AA6 /* DrinksModel.swift */; };
		639456F0297EBCF60069B40F /* AppDelegate.swift in Sources */ = {isa = PBXBuildFile; fileRef = 639456EF297EBCF60069B40F /* AppDelegate.swift */; };
		639456F2297EBCF60069B40F /* SceneDelegate.swift in Sources */ = {isa = PBXBuildFile; fileRef = 639456F1297EBCF60069B40F /* SceneDelegate.swift */; };
		639456F4297EBCF60069B40F /* DashboardViewController.swift in Sources */ = {isa = PBXBuildFile; fileRef = 639456F3297EBCF60069B40F /* DashboardViewController.swift */; };
		639456F7297EBCF60069B40F /* Main.storyboard in Resources */ = {isa = PBXBuildFile; fileRef = 639456F5297EBCF60069B40F /* Main.storyboard */; };
		639456FC297EBCFA0069B40F /* LaunchScreen.storyboard in Resources */ = {isa = PBXBuildFile; fileRef = 639456FA297EBCFA0069B40F /* LaunchScreen.storyboard */; };
		6394570A2981AF300069B40F /* Coordinator.swift in Sources */ = {isa = PBXBuildFile; fileRef = 639457092981AF300069B40F /* Coordinator.swift */; };
		6394570C2981AFD60069B40F /* Storyboarded.swift in Sources */ = {isa = PBXBuildFile; fileRef = 6394570B2981AFD60069B40F /* Storyboarded.swift */; };
		6394570E2981B17D0069B40F /* MainCoordinator.swift in Sources */ = {isa = PBXBuildFile; fileRef = 6394570D2981B17D0069B40F /* MainCoordinator.swift */; };
		639457102981B44F0069B40F /* GamesViewController.swift in Sources */ = {isa = PBXBuildFile; fileRef = 6394570F2981B44F0069B40F /* GamesViewController.swift */; };
		639457122981B45B0069B40F /* DrinksViewController.swift in Sources */ = {isa = PBXBuildFile; fileRef = 639457112981B45B0069B40F /* DrinksViewController.swift */; };
		639457142981B4680069B40F /* FoodViewController.swift in Sources */ = {isa = PBXBuildFile; fileRef = 639457132981B4680069B40F /* FoodViewController.swift */; };
		639457192982D8CE0069B40F /* TruthOrDareGameViewController.swift in Sources */ = {isa = PBXBuildFile; fileRef = 639457182982D8CE0069B40F /* TruthOrDareGameViewController.swift */; };
		6394571B2982D9BA0069B40F /* NeverHaveIEverGameViewController.swift in Sources */ = {isa = PBXBuildFile; fileRef = 6394571A2982D9BA0069B40F /* NeverHaveIEverGameViewController.swift */; };
		6394571D2982DA030069B40F /* ThisOrThatGameViewController.swift in Sources */ = {isa = PBXBuildFile; fileRef = 6394571C2982DA030069B40F /* ThisOrThatGameViewController.swift */; };
		6394571F2982DA8B0069B40F /* SevenSecondsGameViewController.swift in Sources */ = {isa = PBXBuildFile; fileRef = 6394571E2982DA8B0069B40F /* SevenSecondsGameViewController.swift */; };
		6524E3682340E77640A0C5C2 /* Pods_PartyLifebelt.framework in Frameworks */ = {isa = PBXBuildFile; fileRef = D8C88790884DC30CC27ED78F /* Pods_PartyLifebelt.framework */; };
/* End PBXBuildFile section */

/* Begin PBXFileReference section */
		630178382984109E002308E1 /* TruthOrDare.json */ = {isa = PBXFileReference; lastKnownFileType = text.json; path = TruthOrDare.json; sourceTree = "<group>"; };
		631FF1032984416600C4CC8C /* TruthOrDareGameModel.swift */ = {isa = PBXFileReference; lastKnownFileType = sourcecode.swift; path = TruthOrDareGameModel.swift; sourceTree = "<group>"; };
		631FF1082987F3CE00C4CC8C /* NeverHaveIEver.json */ = {isa = PBXFileReference; lastKnownFileType = text.json; path = NeverHaveIEver.json; sourceTree = "<group>"; };
		631FF10B2988062A00C4CC8C /* Assets.xcassets */ = {isa = PBXFileReference; lastKnownFileType = folder.assetcatalog; path = Assets.xcassets; sourceTree = "<group>"; };
		631FF10E298807D400C4CC8C /* NeverHaveIEverGameModel.swift */ = {isa = PBXFileReference; lastKnownFileType = sourcecode.swift; path = NeverHaveIEverGameModel.swift; sourceTree = "<group>"; };
		631FF1102988111500C4CC8C /* SevenSeconds.json */ = {isa = PBXFileReference; lastKnownFileType = text.json; path = SevenSeconds.json; sourceTree = "<group>"; };
		631FF1112988162500C4CC8C /* SevenSecondsGameModel.swift */ = {isa = PBXFileReference; lastKnownFileType = sourcecode.swift; path = SevenSecondsGameModel.swift; sourceTree = "<group>"; };
		631FF11429881CC000C4CC8C /* ThisOrThat.json */ = {isa = PBXFileReference; lastKnownFileType = text.json; path = ThisOrThat.json; sourceTree = "<group>"; };
		631FF11629881F4000C4CC8C /* ThisOrThatGameModel.swift */ = {isa = PBXFileReference; lastKnownFileType = sourcecode.swift; path = ThisOrThatGameModel.swift; sourceTree = "<group>"; };
		632FA17629A4F4A200B72892 /* DetailDrinksViewController.swift */ = {isa = PBXFileReference; lastKnownFileType = sourcecode.swift; path = DetailDrinksViewController.swift; sourceTree = "<group>"; };
		633ADE0B299C013800248AA6 /* DrinksData.swift */ = {isa = PBXFileReference; lastKnownFileType = sourcecode.swift; path = DrinksData.swift; sourceTree = "<group>"; };
		633ADE0F299D03A400248AA6 /* DrinksModel.swift */ = {isa = PBXFileReference; lastKnownFileType = sourcecode.swift; path = DrinksModel.swift; sourceTree = "<group>"; };
		639456EC297EBCF60069B40F /* PartyLifebelt.app */ = {isa = PBXFileReference; explicitFileType = wrapper.application; includeInIndex = 0; path = PartyLifebelt.app; sourceTree = BUILT_PRODUCTS_DIR; };
		639456EF297EBCF60069B40F /* AppDelegate.swift */ = {isa = PBXFileReference; lastKnownFileType = sourcecode.swift; path = AppDelegate.swift; sourceTree = "<group>"; };
		639456F1297EBCF60069B40F /* SceneDelegate.swift */ = {isa = PBXFileReference; lastKnownFileType = sourcecode.swift; path = SceneDelegate.swift; sourceTree = "<group>"; };
		639456F3297EBCF60069B40F /* DashboardViewController.swift */ = {isa = PBXFileReference; lastKnownFileType = sourcecode.swift; path = DashboardViewController.swift; sourceTree = "<group>"; };
		639456F6297EBCF60069B40F /* Base */ = {isa = PBXFileReference; lastKnownFileType = file.storyboard; name = Base; path = Base.lproj/Main.storyboard; sourceTree = "<group>"; };
		639456FB297EBCFA0069B40F /* Base */ = {isa = PBXFileReference; lastKnownFileType = file.storyboard; name = Base; path = Base.lproj/LaunchScreen.storyboard; sourceTree = "<group>"; };
		639456FD297EBCFA0069B40F /* Info.plist */ = {isa = PBXFileReference; lastKnownFileType = text.plist.xml; path = Info.plist; sourceTree = "<group>"; };
		639457092981AF300069B40F /* Coordinator.swift */ = {isa = PBXFileReference; lastKnownFileType = sourcecode.swift; path = Coordinator.swift; sourceTree = "<group>"; };
		6394570B2981AFD60069B40F /* Storyboarded.swift */ = {isa = PBXFileReference; lastKnownFileType = sourcecode.swift; path = Storyboarded.swift; sourceTree = "<group>"; };
		6394570D2981B17D0069B40F /* MainCoordinator.swift */ = {isa = PBXFileReference; lastKnownFileType = sourcecode.swift; path = MainCoordinator.swift; sourceTree = "<group>"; };
		6394570F2981B44F0069B40F /* GamesViewController.swift */ = {isa = PBXFileReference; lastKnownFileType = sourcecode.swift; path = GamesViewController.swift; sourceTree = "<group>"; };
		639457112981B45B0069B40F /* DrinksViewController.swift */ = {isa = PBXFileReference; lastKnownFileType = sourcecode.swift; path = DrinksViewController.swift; sourceTree = "<group>"; };
		639457132981B4680069B40F /* FoodViewController.swift */ = {isa = PBXFileReference; lastKnownFileType = sourcecode.swift; path = FoodViewController.swift; sourceTree = "<group>"; };
		639457182982D8CE0069B40F /* TruthOrDareGameViewController.swift */ = {isa = PBXFileReference; lastKnownFileType = sourcecode.swift; path = TruthOrDareGameViewController.swift; sourceTree = "<group>"; };
		6394571A2982D9BA0069B40F /* NeverHaveIEverGameViewController.swift */ = {isa = PBXFileReference; lastKnownFileType = sourcecode.swift; path = NeverHaveIEverGameViewController.swift; sourceTree = "<group>"; };
		6394571C2982DA030069B40F /* ThisOrThatGameViewController.swift */ = {isa = PBXFileReference; lastKnownFileType = sourcecode.swift; path = ThisOrThatGameViewController.swift; sourceTree = "<group>"; };
		6394571E2982DA8B0069B40F /* SevenSecondsGameViewController.swift */ = {isa = PBXFileReference; lastKnownFileType = sourcecode.swift; path = SevenSecondsGameViewController.swift; sourceTree = "<group>"; };
		6E6CFD76CDA1BF1F6177B9D7 /* Pods-PartyLifebelt.release.xcconfig */ = {isa = PBXFileReference; includeInIndex = 1; lastKnownFileType = text.xcconfig; name = "Pods-PartyLifebelt.release.xcconfig"; path = "Target Support Files/Pods-PartyLifebelt/Pods-PartyLifebelt.release.xcconfig"; sourceTree = "<group>"; };
		D8C88790884DC30CC27ED78F /* Pods_PartyLifebelt.framework */ = {isa = PBXFileReference; explicitFileType = wrapper.framework; includeInIndex = 0; path = Pods_PartyLifebelt.framework; sourceTree = BUILT_PRODUCTS_DIR; };
		FBEB287DEF6BC49AAE94D77C /* Pods-PartyLifebelt.debug.xcconfig */ = {isa = PBXFileReference; includeInIndex = 1; lastKnownFileType = text.xcconfig; name = "Pods-PartyLifebelt.debug.xcconfig"; path = "Target Support Files/Pods-PartyLifebelt/Pods-PartyLifebelt.debug.xcconfig"; sourceTree = "<group>"; };
/* End PBXFileReference section */

/* Begin PBXFrameworksBuildPhase section */
		639456E9297EBCF60069B40F /* Frameworks */ = {
			isa = PBXFrameworksBuildPhase;
			buildActionMask = 2147483647;
			files = (
				6524E3682340E77640A0C5C2 /* Pods_PartyLifebelt.framework in Frameworks */,
			);
			runOnlyForDeploymentPostprocessing = 0;
		};
/* End PBXFrameworksBuildPhase section */

/* Begin PBXGroup section */
		4989E51BAA851622BD617456 /* Frameworks */ = {
			isa = PBXGroup;
			children = (
				D8C88790884DC30CC27ED78F /* Pods_PartyLifebelt.framework */,
			);
			name = Frameworks;
			sourceTree = "<group>";
		};
		633ADE08299BFE0100248AA6 /* Games */ = {
			isa = PBXGroup;
			children = (
				6394570F2981B44F0069B40F /* GamesViewController.swift */,
				6394571A2982D9BA0069B40F /* NeverHaveIEverGameViewController.swift */,
				6394571C2982DA030069B40F /* ThisOrThatGameViewController.swift */,
				639457182982D8CE0069B40F /* TruthOrDareGameViewController.swift */,
				6394571E2982DA8B0069B40F /* SevenSecondsGameViewController.swift */,
			);
			path = Games;
			sourceTree = "<group>";
		};
		633ADE09299BFE2500248AA6 /* Drinks */ = {
			isa = PBXGroup;
			children = (
				639457112981B45B0069B40F /* DrinksViewController.swift */,
				633ADE0B299C013800248AA6 /* DrinksData.swift */,
				632FA17629A4F4A200B72892 /* DetailDrinksViewController.swift */,
			);
			path = Drinks;
			sourceTree = "<group>";
		};
		633ADE0A299BFE3600248AA6 /* Food */ = {
			isa = PBXGroup;
			children = (
				639457132981B4680069B40F /* FoodViewController.swift */,
			);
			path = Food;
			sourceTree = "<group>";
		};
		633ADE0D299D032400248AA6 /* Games */ = {
			isa = PBXGroup;
			children = (
				631FF11629881F4000C4CC8C /* ThisOrThatGameModel.swift */,
				631FF1112988162500C4CC8C /* SevenSecondsGameModel.swift */,
				631FF10E298807D400C4CC8C /* NeverHaveIEverGameModel.swift */,
				631FF1032984416600C4CC8C /* TruthOrDareGameModel.swift */,
			);
			path = Games;
			sourceTree = "<group>";
		};
		633ADE0E299D037800248AA6 /* Drinks */ = {
			isa = PBXGroup;
			children = (
				633ADE0F299D03A400248AA6 /* DrinksModel.swift */,
			);
			path = Drinks;
			sourceTree = "<group>";
		};
		639456E3297EBCF60069B40F = {
			isa = PBXGroup;
			children = (
				639456EE297EBCF60069B40F /* PartyLifebelt */,
				639456ED297EBCF60069B40F /* Products */,
				78F2B87AA2FEC5D16E2A2F92 /* Pods */,
				4989E51BAA851622BD617456 /* Frameworks */,
			);
			sourceTree = "<group>";
		};
		639456ED297EBCF60069B40F /* Products */ = {
			isa = PBXGroup;
			children = (
				639456EC297EBCF60069B40F /* PartyLifebelt.app */,
			);
			name = Products;
			sourceTree = "<group>";
		};
		639456EE297EBCF60069B40F /* PartyLifebelt */ = {
			isa = PBXGroup;
			children = (
				639456EF297EBCF60069B40F /* AppDelegate.swift */,
				639456F1297EBCF60069B40F /* SceneDelegate.swift */,
				63945703297EBD7A0069B40F /* Model */,
				63945704297EBD830069B40F /* View */,
				63945705297EBD8F0069B40F /* Controller */,
				639457082981AE6C0069B40F /* Coordinators */,
				639457152981C2430069B40F /* Resources */,
				639456FD297EBCFA0069B40F /* Info.plist */,
				631FF10B2988062A00C4CC8C /* Assets.xcassets */,
			);
			path = PartyLifebelt;
			sourceTree = "<group>";
		};
		63945703297EBD7A0069B40F /* Model */ = {
			isa = PBXGroup;
			children = (
				633ADE0D299D032400248AA6 /* Games */,
				633ADE0E299D037800248AA6 /* Drinks */,
			);
			path = Model;
			sourceTree = "<group>";
		};
		63945704297EBD830069B40F /* View */ = {
			isa = PBXGroup;
			children = (
				639456F5297EBCF60069B40F /* Main.storyboard */,
				639456FA297EBCFA0069B40F /* LaunchScreen.storyboard */,
			);
			path = View;
			sourceTree = "<group>";
		};
		63945705297EBD8F0069B40F /* Controller */ = {
			isa = PBXGroup;
			children = (
				639456F3297EBCF60069B40F /* DashboardViewController.swift */,
				633ADE08299BFE0100248AA6 /* Games */,
				633ADE09299BFE2500248AA6 /* Drinks */,
				633ADE0A299BFE3600248AA6 /* Food */,
			);
			path = Controller;
			sourceTree = "<group>";
		};
		639457082981AE6C0069B40F /* Coordinators */ = {
			isa = PBXGroup;
			children = (
				639457092981AF300069B40F /* Coordinator.swift */,
				6394570B2981AFD60069B40F /* Storyboarded.swift */,
				6394570D2981B17D0069B40F /* MainCoordinator.swift */,
			);
			path = Coordinators;
			sourceTree = "<group>";
		};
		639457152981C2430069B40F /* Resources */ = {
			isa = PBXGroup;
			children = (
				630178382984109E002308E1 /* TruthOrDare.json */,
				631FF1082987F3CE00C4CC8C /* NeverHaveIEver.json */,
				631FF1102988111500C4CC8C /* SevenSeconds.json */,
				631FF11429881CC000C4CC8C /* ThisOrThat.json */,
			);
			path = Resources;
			sourceTree = "<group>";
		};
		78F2B87AA2FEC5D16E2A2F92 /* Pods */ = {
			isa = PBXGroup;
			children = (
				FBEB287DEF6BC49AAE94D77C /* Pods-PartyLifebelt.debug.xcconfig */,
				6E6CFD76CDA1BF1F6177B9D7 /* Pods-PartyLifebelt.release.xcconfig */,
			);
			path = Pods;
			sourceTree = "<group>";
		};
/* End PBXGroup section */

/* Begin PBXNativeTarget section */
		639456EB297EBCF60069B40F /* PartyLifebelt */ = {
			isa = PBXNativeTarget;
			buildConfigurationList = 63945700297EBCFA0069B40F /* Build configuration list for PBXNativeTarget "PartyLifebelt" */;
			buildPhases = (
				552F8B611C856B11B7FE619E /* [CP] Check Pods Manifest.lock */,
				639456E8297EBCF60069B40F /* Sources */,
				639456E9297EBCF60069B40F /* Frameworks */,
				639456EA297EBCF60069B40F /* Resources */,
				EBC4FC3AD0F5CF47AD1F6C66 /* [CP] Embed Pods Frameworks */,
			);
			buildRules = (
			);
			dependencies = (
			);
			name = PartyLifebelt;
			productName = PartyLifebelt;
			productReference = 639456EC297EBCF60069B40F /* PartyLifebelt.app */;
			productType = "com.apple.product-type.application";
		};
/* End PBXNativeTarget section */

/* Begin PBXProject section */
		639456E4297EBCF60069B40F /* Project object */ = {
			isa = PBXProject;
			attributes = {
				BuildIndependentTargetsInParallel = 1;
				LastSwiftUpdateCheck = 1340;
				LastUpgradeCheck = 1340;
				TargetAttributes = {
					639456EB297EBCF60069B40F = {
						CreatedOnToolsVersion = 13.4.1;
					};
				};
			};
			buildConfigurationList = 639456E7297EBCF60069B40F /* Build configuration list for PBXProject "PartyLifebelt" */;
			compatibilityVersion = "Xcode 13.0";
			developmentRegion = en;
			hasScannedForEncodings = 0;
			knownRegions = (
				en,
				Base,
			);
			mainGroup = 639456E3297EBCF60069B40F;
			productRefGroup = 639456ED297EBCF60069B40F /* Products */;
			projectDirPath = "";
			projectRoot = "";
			targets = (
				639456EB297EBCF60069B40F /* PartyLifebelt */,
			);
		};
/* End PBXProject section */

/* Begin PBXResourcesBuildPhase section */
		639456EA297EBCF60069B40F /* Resources */ = {
			isa = PBXResourcesBuildPhase;
			buildActionMask = 2147483647;
			files = (
				631FF11529881F2A00C4CC8C /* ThisOrThat.json in Resources */,
				631FF1132988176100C4CC8C /* SevenSeconds.json in Resources */,
				631FF10D2988078400C4CC8C /* NeverHaveIEver.json in Resources */,
				631FF1072984463000C4CC8C /* TruthOrDare.json in Resources */,
				639456FC297EBCFA0069B40F /* LaunchScreen.storyboard in Resources */,
				631FF10C2988062A00C4CC8C /* Assets.xcassets in Resources */,
				639456F7297EBCF60069B40F /* Main.storyboard in Resources */,
			);
			runOnlyForDeploymentPostprocessing = 0;
		};
/* End PBXResourcesBuildPhase section */

/* Begin PBXShellScriptBuildPhase section */
		552F8B611C856B11B7FE619E /* [CP] Check Pods Manifest.lock */ = {
			isa = PBXShellScriptBuildPhase;
			buildActionMask = 2147483647;
			files = (
			);
			inputFileListPaths = (
			);
			inputPaths = (
				"${PODS_PODFILE_DIR_PATH}/Podfile.lock",
				"${PODS_ROOT}/Manifest.lock",
			);
			name = "[CP] Check Pods Manifest.lock";
			outputFileListPaths = (
			);
			outputPaths = (
				"$(DERIVED_FILE_DIR)/Pods-PartyLifebelt-checkManifestLockResult.txt",
			);
			runOnlyForDeploymentPostprocessing = 0;
			shellPath = /bin/sh;
			shellScript = "diff \"${PODS_PODFILE_DIR_PATH}/Podfile.lock\" \"${PODS_ROOT}/Manifest.lock\" > /dev/null\nif [ $? != 0 ] ; then\n    # print error to STDERR\n    echo \"error: The sandbox is not in sync with the Podfile.lock. Run 'pod install' or update your CocoaPods installation.\" >&2\n    exit 1\nfi\n# This output is used by Xcode 'outputs' to avoid re-running this script phase.\necho \"SUCCESS\" > \"${SCRIPT_OUTPUT_FILE_0}\"\n";
			showEnvVarsInLog = 0;
		};
		EBC4FC3AD0F5CF47AD1F6C66 /* [CP] Embed Pods Frameworks */ = {
			isa = PBXShellScriptBuildPhase;
			buildActionMask = 2147483647;
			files = (
			);
			inputFileListPaths = (
				"${PODS_ROOT}/Target Support Files/Pods-PartyLifebelt/Pods-PartyLifebelt-frameworks-${CONFIGURATION}-input-files.xcfilelist",
			);
			name = "[CP] Embed Pods Frameworks";
			outputFileListPaths = (
				"${PODS_ROOT}/Target Support Files/Pods-PartyLifebelt/Pods-PartyLifebelt-frameworks-${CONFIGURATION}-output-files.xcfilelist",
			);
			runOnlyForDeploymentPostprocessing = 0;
			shellPath = /bin/sh;
			shellScript = "\"${PODS_ROOT}/Target Support Files/Pods-PartyLifebelt/Pods-PartyLifebelt-frameworks.sh\"\n";
			showEnvVarsInLog = 0;
		};
/* End PBXShellScriptBuildPhase section */

/* Begin PBXSourcesBuildPhase section */
		639456E8297EBCF60069B40F /* Sources */ = {
			isa = PBXSourcesBuildPhase;
			buildActionMask = 2147483647;
			files = (
				632FA17729A4F4A200B72892 /* DetailDrinksViewController.swift in Sources */,
				6394571B2982D9BA0069B40F /* NeverHaveIEverGameViewController.swift in Sources */,
				631FF1122988162500C4CC8C /* SevenSecondsGameModel.swift in Sources */,
				631FF11729881F4000C4CC8C /* ThisOrThatGameModel.swift in Sources */,
				639457102981B44F0069B40F /* GamesViewController.swift in Sources */,
				633ADE10299D03A400248AA6 /* DrinksModel.swift in Sources */,
				631FF1042984416600C4CC8C /* TruthOrDareGameModel.swift in Sources */,
				6394570A2981AF300069B40F /* Coordinator.swift in Sources */,
				6394570E2981B17D0069B40F /* MainCoordinator.swift in Sources */,
				6394571D2982DA030069B40F /* ThisOrThatGameViewController.swift in Sources */,
				639456F4297EBCF60069B40F /* DashboardViewController.swift in Sources */,
				6394571F2982DA8B0069B40F /* SevenSecondsGameViewController.swift in Sources */,
				639457142981B4680069B40F /* FoodViewController.swift in Sources */,
				6394570C2981AFD60069B40F /* Storyboarded.swift in Sources */,
				633ADE0C299C013800248AA6 /* DrinksData.swift in Sources */,
				639456F0297EBCF60069B40F /* AppDelegate.swift in Sources */,
				631FF10F298807D400C4CC8C /* NeverHaveIEverGameModel.swift in Sources */,
				639456F2297EBCF60069B40F /* SceneDelegate.swift in Sources */,
				639457122981B45B0069B40F /* DrinksViewController.swift in Sources */,
				639457192982D8CE0069B40F /* TruthOrDareGameViewController.swift in Sources */,
			);
			runOnlyForDeploymentPostprocessing = 0;
		};
/* End PBXSourcesBuildPhase section */

/* Begin PBXVariantGroup section */
		639456F5297EBCF60069B40F /* Main.storyboard */ = {
			isa = PBXVariantGroup;
			children = (
				639456F6297EBCF60069B40F /* Base */,
			);
			name = Main.storyboard;
			sourceTree = "<group>";
		};
		639456FA297EBCFA0069B40F /* LaunchScreen.storyboard */ = {
			isa = PBXVariantGroup;
			children = (
				639456FB297EBCFA0069B40F /* Base */,
			);
			name = LaunchScreen.storyboard;
			sourceTree = "<group>";
		};
/* End PBXVariantGroup section */

/* Begin XCBuildConfiguration section */
		639456FE297EBCFA0069B40F /* Debug */ = {
			isa = XCBuildConfiguration;
			buildSettings = {
				ALWAYS_SEARCH_USER_PATHS = NO;
				CLANG_ANALYZER_NONNULL = YES;
				CLANG_ANALYZER_NUMBER_OBJECT_CONVERSION = YES_AGGRESSIVE;
				CLANG_CXX_LANGUAGE_STANDARD = "gnu++17";
				CLANG_ENABLE_MODULES = YES;
				CLANG_ENABLE_OBJC_ARC = YES;
				CLANG_ENABLE_OBJC_WEAK = YES;
				CLANG_WARN_BLOCK_CAPTURE_AUTORELEASING = YES;
				CLANG_WARN_BOOL_CONVERSION = YES;
				CLANG_WARN_COMMA = YES;
				CLANG_WARN_CONSTANT_CONVERSION = YES;
				CLANG_WARN_DEPRECATED_OBJC_IMPLEMENTATIONS = YES;
				CLANG_WARN_DIRECT_OBJC_ISA_USAGE = YES_ERROR;
				CLANG_WARN_DOCUMENTATION_COMMENTS = YES;
				CLANG_WARN_EMPTY_BODY = YES;
				CLANG_WARN_ENUM_CONVERSION = YES;
				CLANG_WARN_INFINITE_RECURSION = YES;
				CLANG_WARN_INT_CONVERSION = YES;
				CLANG_WARN_NON_LITERAL_NULL_CONVERSION = YES;
				CLANG_WARN_OBJC_IMPLICIT_RETAIN_SELF = YES;
				CLANG_WARN_OBJC_LITERAL_CONVERSION = YES;
				CLANG_WARN_OBJC_ROOT_CLASS = YES_ERROR;
				CLANG_WARN_QUOTED_INCLUDE_IN_FRAMEWORK_HEADER = YES;
				CLANG_WARN_RANGE_LOOP_ANALYSIS = YES;
				CLANG_WARN_STRICT_PROTOTYPES = YES;
				CLANG_WARN_SUSPICIOUS_MOVE = YES;
				CLANG_WARN_UNGUARDED_AVAILABILITY = YES_AGGRESSIVE;
				CLANG_WARN_UNREACHABLE_CODE = YES;
				CLANG_WARN__DUPLICATE_METHOD_MATCH = YES;
				COPY_PHASE_STRIP = NO;
				DEBUG_INFORMATION_FORMAT = dwarf;
				ENABLE_STRICT_OBJC_MSGSEND = YES;
				ENABLE_TESTABILITY = YES;
				GCC_C_LANGUAGE_STANDARD = gnu11;
				GCC_DYNAMIC_NO_PIC = NO;
				GCC_NO_COMMON_BLOCKS = YES;
				GCC_OPTIMIZATION_LEVEL = 0;
				GCC_PREPROCESSOR_DEFINITIONS = (
					"DEBUG=1",
					"$(inherited)",
				);
				GCC_WARN_64_TO_32_BIT_CONVERSION = YES;
				GCC_WARN_ABOUT_RETURN_TYPE = YES_ERROR;
				GCC_WARN_UNDECLARED_SELECTOR = YES;
				GCC_WARN_UNINITIALIZED_AUTOS = YES_AGGRESSIVE;
				GCC_WARN_UNUSED_FUNCTION = YES;
				GCC_WARN_UNUSED_VARIABLE = YES;
				IPHONEOS_DEPLOYMENT_TARGET = 15.5;
				MTL_ENABLE_DEBUG_INFO = INCLUDE_SOURCE;
				MTL_FAST_MATH = YES;
				ONLY_ACTIVE_ARCH = YES;
				SDKROOT = iphoneos;
				SWIFT_ACTIVE_COMPILATION_CONDITIONS = DEBUG;
				SWIFT_OPTIMIZATION_LEVEL = "-Onone";
			};
			name = Debug;
		};
		639456FF297EBCFA0069B40F /* Release */ = {
			isa = XCBuildConfiguration;
			buildSettings = {
				ALWAYS_SEARCH_USER_PATHS = NO;
				CLANG_ANALYZER_NONNULL = YES;
				CLANG_ANALYZER_NUMBER_OBJECT_CONVERSION = YES_AGGRESSIVE;
				CLANG_CXX_LANGUAGE_STANDARD = "gnu++17";
				CLANG_ENABLE_MODULES = YES;
				CLANG_ENABLE_OBJC_ARC = YES;
				CLANG_ENABLE_OBJC_WEAK = YES;
				CLANG_WARN_BLOCK_CAPTURE_AUTORELEASING = YES;
				CLANG_WARN_BOOL_CONVERSION = YES;
				CLANG_WARN_COMMA = YES;
				CLANG_WARN_CONSTANT_CONVERSION = YES;
				CLANG_WARN_DEPRECATED_OBJC_IMPLEMENTATIONS = YES;
				CLANG_WARN_DIRECT_OBJC_ISA_USAGE = YES_ERROR;
				CLANG_WARN_DOCUMENTATION_COMMENTS = YES;
				CLANG_WARN_EMPTY_BODY = YES;
				CLANG_WARN_ENUM_CONVERSION = YES;
				CLANG_WARN_INFINITE_RECURSION = YES;
				CLANG_WARN_INT_CONVERSION = YES;
				CLANG_WARN_NON_LITERAL_NULL_CONVERSION = YES;
				CLANG_WARN_OBJC_IMPLICIT_RETAIN_SELF = YES;
				CLANG_WARN_OBJC_LITERAL_CONVERSION = YES;
				CLANG_WARN_OBJC_ROOT_CLASS = YES_ERROR;
				CLANG_WARN_QUOTED_INCLUDE_IN_FRAMEWORK_HEADER = YES;
				CLANG_WARN_RANGE_LOOP_ANALYSIS = YES;
				CLANG_WARN_STRICT_PROTOTYPES = YES;
				CLANG_WARN_SUSPICIOUS_MOVE = YES;
				CLANG_WARN_UNGUARDED_AVAILABILITY = YES_AGGRESSIVE;
				CLANG_WARN_UNREACHABLE_CODE = YES;
				CLANG_WARN__DUPLICATE_METHOD_MATCH = YES;
				COPY_PHASE_STRIP = NO;
				DEBUG_INFORMATION_FORMAT = "dwarf-with-dsym";
				ENABLE_NS_ASSERTIONS = NO;
				ENABLE_STRICT_OBJC_MSGSEND = YES;
				GCC_C_LANGUAGE_STANDARD = gnu11;
				GCC_NO_COMMON_BLOCKS = YES;
				GCC_WARN_64_TO_32_BIT_CONVERSION = YES;
				GCC_WARN_ABOUT_RETURN_TYPE = YES_ERROR;
				GCC_WARN_UNDECLARED_SELECTOR = YES;
				GCC_WARN_UNINITIALIZED_AUTOS = YES_AGGRESSIVE;
				GCC_WARN_UNUSED_FUNCTION = YES;
				GCC_WARN_UNUSED_VARIABLE = YES;
				IPHONEOS_DEPLOYMENT_TARGET = 15.5;
				MTL_ENABLE_DEBUG_INFO = NO;
				MTL_FAST_MATH = YES;
				SDKROOT = iphoneos;
				SWIFT_COMPILATION_MODE = wholemodule;
				SWIFT_OPTIMIZATION_LEVEL = "-O";
				VALIDATE_PRODUCT = YES;
			};
			name = Release;
		};
		63945701297EBCFA0069B40F /* Debug */ = {
			isa = XCBuildConfiguration;
			baseConfigurationReference = FBEB287DEF6BC49AAE94D77C /* Pods-PartyLifebelt.debug.xcconfig */;
			buildSettings = {
				ASSETCATALOG_COMPILER_APPICON_NAME = AppIcon;
				ASSETCATALOG_COMPILER_GLOBAL_ACCENT_COLOR_NAME = AccentColor;
				CODE_SIGN_STYLE = Automatic;
				CURRENT_PROJECT_VERSION = 1;
				GENERATE_INFOPLIST_FILE = YES;
				INFOPLIST_FILE = PartyLifebelt/Info.plist;
				INFOPLIST_KEY_UIApplicationSupportsIndirectInputEvents = YES;
				INFOPLIST_KEY_UILaunchStoryboardName = LaunchScreen;
				INFOPLIST_KEY_UISupportedInterfaceOrientations_iPad = "UIInterfaceOrientationPortrait UIInterfaceOrientationPortraitUpsideDown UIInterfaceOrientationLandscapeLeft UIInterfaceOrientationLandscapeRight";
				INFOPLIST_KEY_UISupportedInterfaceOrientations_iPhone = "UIInterfaceOrientationPortrait UIInterfaceOrientationLandscapeLeft UIInterfaceOrientationLandscapeRight";
				LD_RUNPATH_SEARCH_PATHS = (
					"$(inherited)",
					"@executable_path/Frameworks",
				);
				MARKETING_VERSION = 1.0;
				PRODUCT_BUNDLE_IDENTIFIER = com.sonjaslawek.PartyLifebelt;
				PRODUCT_NAME = "$(TARGET_NAME)";
				SWIFT_EMIT_LOC_STRINGS = YES;
				SWIFT_VERSION = 5.0;
				TARGETED_DEVICE_FAMILY = "1,2";
			};
			name = Debug;
		};
		63945702297EBCFA0069B40F /* Release */ = {
			isa = XCBuildConfiguration;
			baseConfigurationReference = 6E6CFD76CDA1BF1F6177B9D7 /* Pods-PartyLifebelt.release.xcconfig */;
			buildSettings = {
				ASSETCATALOG_COMPILER_APPICON_NAME = AppIcon;
				ASSETCATALOG_COMPILER_GLOBAL_ACCENT_COLOR_NAME = AccentColor;
				CODE_SIGN_STYLE = Automatic;
				CURRENT_PROJECT_VERSION = 1;
				GENERATE_INFOPLIST_FILE = YES;
				INFOPLIST_FILE = PartyLifebelt/Info.plist;
				INFOPLIST_KEY_UIApplicationSupportsIndirectInputEvents = YES;
				INFOPLIST_KEY_UILaunchStoryboardName = LaunchScreen;
				INFOPLIST_KEY_UISupportedInterfaceOrientations_iPad = "UIInterfaceOrientationPortrait UIInterfaceOrientationPortraitUpsideDown UIInterfaceOrientationLandscapeLeft UIInterfaceOrientationLandscapeRight";
				INFOPLIST_KEY_UISupportedInterfaceOrientations_iPhone = "UIInterfaceOrientationPortrait UIInterfaceOrientationLandscapeLeft UIInterfaceOrientationLandscapeRight";
				LD_RUNPATH_SEARCH_PATHS = (
					"$(inherited)",
					"@executable_path/Frameworks",
				);
				MARKETING_VERSION = 1.0;
				PRODUCT_BUNDLE_IDENTIFIER = com.sonjaslawek.PartyLifebelt;
				PRODUCT_NAME = "$(TARGET_NAME)";
				SWIFT_EMIT_LOC_STRINGS = YES;
				SWIFT_VERSION = 5.0;
				TARGETED_DEVICE_FAMILY = "1,2";
			};
			name = Release;
		};
/* End XCBuildConfiguration section */

/* Begin XCConfigurationList section */
		639456E7297EBCF60069B40F /* Build configuration list for PBXProject "PartyLifebelt" */ = {
			isa = XCConfigurationList;
			buildConfigurations = (
				639456FE297EBCFA0069B40F /* Debug */,
				639456FF297EBCFA0069B40F /* Release */,
			);
			defaultConfigurationIsVisible = 0;
			defaultConfigurationName = Release;
		};
		63945700297EBCFA0069B40F /* Build configuration list for PBXNativeTarget "PartyLifebelt" */ = {
			isa = XCConfigurationList;
			buildConfigurations = (
				63945701297EBCFA0069B40F /* Debug */,
				63945702297EBCFA0069B40F /* Release */,
			);
			defaultConfigurationIsVisible = 0;
			defaultConfigurationName = Release;
		};
/* End XCConfigurationList section */
	};
	rootObject = 639456E4297EBCF60069B40F /* Project object */;
}
